
Microsoft Visual Studio Solution File, Format Version 12.00
# Visual Studio Version 17
VisualStudioVersion = 17.5.002.0
MinimumVisualStudioVersion = 10.0.40219.1
Project("{9A19103F-16F7-4668-BE54-9A1E7A4F7556}") = "FlowProtocol2", "FlowProtocol2\FlowProtocol2.csproj", "{33F8C2CD-3E62-4A0E-99C4-2B040991174D}"
EndProject
Global
	GlobalSection(SolutionConfigurationPlatforms) = preSolution
		Debug|Any CPU = Debug|Any CPU
		Release|Any CPU = Release|Any CPU
	EndGlobalSection
	GlobalSection(ProjectConfigurationPlatforms) = postSolution
		{33F8C2CD-3E62-4A0E-99C4-2B040991174D}.Debug|Any CPU.ActiveCfg = Debug|Any CPU
		{33F8C2CD-3E62-4A0E-99C4-2B040991174D}.Debug|Any CPU.Build.0 = Debug|Any CPU
		{33F8C2CD-3E62-4A0E-99C4-2B040991174D}.Release|Any CPU.ActiveCfg = Release|Any CPU
		{33F8C2CD-3E62-4A0E-99C4-2B040991174D}.Release|Any CPU.Build.0 = Release|Any CPU
	EndGlobalSection
	GlobalSection(SolutionProperties) = preSolution
		HideSolutionNode = FALSE
	EndGlobalSection
	GlobalSection(ExtensibilityGlobals) = postSolution
		SolutionGuid = {89DEED4D-EA8F-4151-A04B-9EF30E1159FF}
	EndGlobalSection
EndGlobal
